<?xml version="1.0" encoding="utf-8"?>
<Project ToolsVersion="4.0" xmlns="http://schemas.microsoft.com/developer/msbuild/2003">
  <ItemGroup>
    <ClCompile Include="PugiXml\src\pugixml.cpp">
      <Filter>Source\3rd Party\PuguiXML</Filter>
    </ClCompile>
    <ClCompile Include="Log.cpp">
      <Filter>Source\Tools</Filter>
    </ClCompile>
    <ClCompile Include="FadetoBlack.cpp">
      <Filter>Source</Filter>
    </ClCompile>
    <ClCompile Include="Window.cpp">
      <Filter>Source\Modules</Filter>
    </ClCompile>
    <ClCompile Include="Render.cpp">
      <Filter>Source\Modules</Filter>
    </ClCompile>
    <ClCompile Include="Map.cpp">
      <Filter>Source\Modules</Filter>
    </ClCompile>
    <ClCompile Include="Input.cpp">
      <Filter>Source\Modules</Filter>
    </ClCompile>
    <ClCompile Include="Collisions.cpp">
      <Filter>Source\Modules</Filter>
    </ClCompile>
    <ClCompile Include="Audio.cpp">
      <Filter>Source\Modules</Filter>
    </ClCompile>
    <ClCompile Include="mmgr\mmgr.cpp">
      <Filter>Source\3rd Party\mmgr</Filter>
    </ClCompile>
    <ClCompile Include="Main.cpp">
      <Filter>Source\Main</Filter>
    </ClCompile>
    <ClCompile Include="Application.cpp">
      <Filter>Source\Main</Filter>
    </ClCompile>
    <ClCompile Include="TimeManager.cpp">
      <Filter>Source\Independent Managers</Filter>
    </ClCompile>
    <ClCompile Include="Textures.cpp">
      <Filter>Source\Independent Managers</Filter>
    </ClCompile>
    <ClCompile Include="Scene.cpp">
      <Filter>Source\Modules</Filter>
    </ClCompile>
    <ClCompile Include="Event.cpp">
      <Filter>Source\Independent Managers\Events</Filter>
    </ClCompile>
    <ClCompile Include="Cvar.cpp">
      <Filter>Source\Independent Managers\Events</Filter>
    </ClCompile>
  </ItemGroup>
  <ItemGroup>
    <ClInclude Include="PugiXml\src\pugiconfig.hpp">
      <Filter>Source\3rd Party\PuguiXML</Filter>
    </ClInclude>
    <ClInclude Include="PugiXml\src\pugixml.hpp">
      <Filter>Source\3rd Party\PuguiXML</Filter>
    </ClInclude>
    <ClInclude Include="Animation.h">
      <Filter>Source\Components</Filter>
    </ClInclude>
    <ClInclude Include="Defs.h">
      <Filter>Source\Tools</Filter>
    </ClInclude>
    <ClInclude Include="Log.h">
      <Filter>Source\Tools</Filter>
    </ClInclude>
    <ClInclude Include="Point.h">
      <Filter>Source\Tools</Filter>
    </ClInclude>
    <ClInclude Include="FadetoBlack.h">
      <Filter>Source</Filter>
    </ClInclude>
    <ClInclude Include="Window.h">
      <Filter>Source\Modules</Filter>
    </ClInclude>
    <ClInclude Include="Render.h">
      <Filter>Source\Modules</Filter>
    </ClInclude>
    <ClInclude Include="Map.h">
      <Filter>Source\Modules</Filter>
    </ClInclude>
    <ClInclude Include="Input.h">
      <Filter>Source\Modules</Filter>
    </ClInclude>
    <ClInclude Include="Collisions.h">
      <Filter>Source\Modules</Filter>
    </ClInclude>
    <ClInclude Include="Audio.h">
      <Filter>Source\Modules</Filter>
    </ClInclude>
    <ClInclude Include="mmgr\mmgr.h">
      <Filter>Source\3rd Party\mmgr</Filter>
    </ClInclude>
    <ClInclude Include="mmgr\nommgr.h">
      <Filter>Source\3rd Party\mmgr</Filter>
    </ClInclude>
    <ClInclude Include="Optick\include\optick.config.h">
      <Filter>Source\3rd Party\Optick</Filter>
    </ClInclude>
    <ClInclude Include="Optick\include\optick.h">
      <Filter>Source\3rd Party\Optick</Filter>
    </ClInclude>
    <ClInclude Include="Module.h">
      <Filter>Source\Main</Filter>
    </ClInclude>
    <ClInclude Include="Application.h">
      <Filter>Source\Main</Filter>
    </ClInclude>
    <ClInclude Include="TimeManager.h">
      <Filter>Source\Independent Managers</Filter>
    </ClInclude>
    <ClInclude Include="Textures.h">
      <Filter>Source\Independent Managers</Filter>
    </ClInclude>
    <ClInclude Include="Scene.h">
      <Filter>Source\Modules</Filter>
    </ClInclude>
    <ClInclude Include="Event.h">
      <Filter>Source\Independent Managers\Events</Filter>
    </ClInclude>
    <ClInclude Include="EventListener.h">
      <Filter>Source\Independent Managers\Events</Filter>
    </ClInclude>
    <ClInclude Include="Cvar.h">
      <Filter>Source\Independent Managers\Events</Filter>
    </ClInclude>
  </ItemGroup>
  <ItemGroup>
    <Filter Include="Source">
      <UniqueIdentifier>{cb944693-b9d0-484c-bad2-02d5a7cdbec6}</UniqueIdentifier>
    </Filter>
    <Filter Include="Source\Tools">
      <UniqueIdentifier>{42c748be-4a37-49de-970f-5be811d06b38}</UniqueIdentifier>
    </Filter>
    <Filter Include="Source\Modules">
      <UniqueIdentifier>{244722d1-90ce-423d-8e7a-556211865a32}</UniqueIdentifier>
    </Filter>
    <Filter Include="Source\Data Files">
      <UniqueIdentifier>{a11ad158-a8e9-4fd8-ac0d-299b81fed1e7}</UniqueIdentifier>
    </Filter>
    <Filter Include="Source\Components">
      <UniqueIdentifier>{8e55dc4e-2e56-4a09-a9a8-879521849401}</UniqueIdentifier>
    </Filter>
    <Filter Include="Source\3rd Party">
      <UniqueIdentifier>{ccbdbbe8-2dad-4bdb-b407-16b23f046e21}</UniqueIdentifier>
    </Filter>
    <Filter Include="Source\3rd Party\PuguiXML">
      <UniqueIdentifier>{7cb78d67-17cc-45eb-af97-e2106becce7b}</UniqueIdentifier>
    </Filter>
    <Filter Include="Source\3rd Party\mmgr">
      <UniqueIdentifier>{bde4e9d6-afcb-4cb0-8b3d-042e1d8c6f2d}</UniqueIdentifier>
    </Filter>
    <Filter Include="Source\3rd Party\Optick">
      <UniqueIdentifier>{0951b2ed-c0d8-4291-93ac-a38ff8a0bde2}</UniqueIdentifier>
    </Filter>
    <Filter Include="Source\Main">
      <UniqueIdentifier>{e1dfccd8-e8df-46de-9a8e-236bee9076ce}</UniqueIdentifier>
    </Filter>
    <Filter Include="Source\Independent Managers">
      <UniqueIdentifier>{705579a4-c897-4b70-8b5a-30a98cb90158}</UniqueIdentifier>
    </Filter>
    <Filter Include="Source\Independent Managers\Events">
      <UniqueIdentifier>{437881c8-60cd-4e3d-98b2-21bb1ba5336e}</UniqueIdentifier>
    </Filter>
  </ItemGroup>
  <ItemGroup>
    <Xml Include="..\Game\config.xml">
      <Filter>Source\Data Files</Filter>
    </Xml>
    <Xml Include="..\Game\save_game.xml">
      <Filter>Source\Data Files</Filter>
    </Xml>
  </ItemGroup>
  <ItemGroup>
    <None Include="..\Game\maps\level1.tmx">
      <Filter>Source\Data Files</Filter>
    </None>
  </ItemGroup>
</Project>