<?xml version="1.0" encoding="utf-8"?>
<Project ToolsVersion="4.0" xmlns="http://schemas.microsoft.com/developer/msbuild/2003">
  <ItemGroup>
    <ClCompile Include="PugiXml\src\pugixml.cpp">
      <Filter>Source\3rd Party\PuguiXML</Filter>
    </ClCompile>
    <ClCompile Include="Log.cpp">
      <Filter>Source\Tools</Filter>
    </ClCompile>
    <ClCompile Include="Window.cpp">
      <Filter>Source\Modules</Filter>
    </ClCompile>
    <ClCompile Include="Render.cpp">
      <Filter>Source\Modules</Filter>
    </ClCompile>
    <ClCompile Include="Input.cpp">
      <Filter>Source\Modules</Filter>
    </ClCompile>
    <ClCompile Include="Audio.cpp">
      <Filter>Source\Modules</Filter>
    </ClCompile>
    <ClCompile Include="Main.cpp">
      <Filter>Source\Main</Filter>
    </ClCompile>
    <ClCompile Include="Application.cpp">
      <Filter>Source\Main</Filter>
    </ClCompile>
    <ClCompile Include="TimeManager.cpp">
      <Filter>Source\Independent Managers</Filter>
    </ClCompile>
    <ClCompile Include="Scene.cpp">
      <Filter>Source\Modules</Filter>
    </ClCompile>
    <ClCompile Include="Event.cpp">
      <Filter>Source\Independent Managers\Events</Filter>
    </ClCompile>
    <ClCompile Include="Cvar.cpp">
      <Filter>Source\Independent Managers\Events</Filter>
    </ClCompile>
    <ClCompile Include="Gameobject.cpp">
      <Filter>Source\Gameobjects</Filter>
    </ClCompile>
    <ClCompile Include="Transform.cpp">
      <Filter>Source\Gameobjects\Components</Filter>
    </ClCompile>
    <ClCompile Include="Map.cpp">
      <Filter>Source\Modules\Map</Filter>
    </ClCompile>
    <ClCompile Include="MapContainer.cpp">
      <Filter>Source\Modules\Map</Filter>
    </ClCompile>
    <ClCompile Include="TextureManager.cpp">
      <Filter>Source\Independent Managers</Filter>
    </ClCompile>
    <ClCompile Include="mmgr\mmgr.cpp">
      <Filter>Source\3rd Party\mmgr</Filter>
    </ClCompile>
    <ClCompile Include="Collisions.cpp">
      <Filter>Source\Modules\Other</Filter>
    </ClCompile>
    <ClCompile Include="FadetoBlack.cpp">
      <Filter>Source\Modules\Other</Filter>
    </ClCompile>
    <ClCompile Include="Sprite.cpp">
      <Filter>Source\Gameobjects\Components</Filter>
    </ClCompile>
    <ClCompile Include="Editor.cpp">
      <Filter>Source\Modules\Editor</Filter>
    </ClCompile>
    <ClCompile Include="EditorWindows.cpp">
      <Filter>Source\Modules\Editor</Filter>
    </ClCompile>
    <ClCompile Include="UI_Elements.cpp">
      <Filter>Source\Modules\Editor</Filter>
    </ClCompile>
    <ClCompile Include="JuicyMath.cpp">
      <Filter>Source\Tools</Filter>
    </ClCompile>
    <ClCompile Include="FontManager.cpp">
      <Filter>Source\Independent Managers</Filter>
    </ClCompile>
    <ClCompile Include="FileManager.cpp">
      <Filter>Source\Independent Managers</Filter>
    </ClCompile>
  </ItemGroup>
  <ItemGroup>
    <ClInclude Include="PugiXml\src\pugiconfig.hpp">
      <Filter>Source\3rd Party\PuguiXML</Filter>
    </ClInclude>
    <ClInclude Include="PugiXml\src\pugixml.hpp">
      <Filter>Source\3rd Party\PuguiXML</Filter>
    </ClInclude>
    <ClInclude Include="Defs.h">
      <Filter>Source\Tools</Filter>
    </ClInclude>
    <ClInclude Include="Log.h">
      <Filter>Source\Tools</Filter>
    </ClInclude>
    <ClInclude Include="Point.h">
      <Filter>Source\Tools</Filter>
    </ClInclude>
    <ClInclude Include="Window.h">
      <Filter>Source\Modules</Filter>
    </ClInclude>
    <ClInclude Include="Render.h">
      <Filter>Source\Modules</Filter>
    </ClInclude>
    <ClInclude Include="Input.h">
      <Filter>Source\Modules</Filter>
    </ClInclude>
    <ClInclude Include="Audio.h">
      <Filter>Source\Modules</Filter>
    </ClInclude>
    <ClInclude Include="Optick\include\optick.config.h">
      <Filter>Source\3rd Party\Optick</Filter>
    </ClInclude>
    <ClInclude Include="Optick\include\optick.h">
      <Filter>Source\3rd Party\Optick</Filter>
    </ClInclude>
    <ClInclude Include="Application.h">
      <Filter>Source\Main</Filter>
    </ClInclude>
    <ClInclude Include="TimeManager.h">
      <Filter>Source\Independent Managers</Filter>
    </ClInclude>
    <ClInclude Include="Scene.h">
      <Filter>Source\Modules</Filter>
    </ClInclude>
    <ClInclude Include="Event.h">
      <Filter>Source\Independent Managers\Events</Filter>
    </ClInclude>
    <ClInclude Include="EventListener.h">
      <Filter>Source\Independent Managers\Events</Filter>
    </ClInclude>
    <ClInclude Include="Cvar.h">
      <Filter>Source\Independent Managers\Events</Filter>
    </ClInclude>
    <ClInclude Include="Gameobject.h">
      <Filter>Source\Gameobjects</Filter>
    </ClInclude>
    <ClInclude Include="Transform.h">
      <Filter>Source\Gameobjects\Components</Filter>
    </ClInclude>
    <ClInclude Include="Component.h">
      <Filter>Source\Gameobjects\Components</Filter>
    </ClInclude>
    <ClInclude Include="Vector3.h">
      <Filter>Source\Tools</Filter>
    </ClInclude>
    <ClInclude Include="Map.h">
      <Filter>Source\Modules\Map</Filter>
    </ClInclude>
    <ClInclude Include="MapContainer.h">
      <Filter>Source\Modules\Map</Filter>
    </ClInclude>
    <ClInclude Include="TextureManager.h">
      <Filter>Source\Independent Managers</Filter>
    </ClInclude>
    <ClInclude Include="mmgr\mmgr.h">
      <Filter>Source\3rd Party\mmgr</Filter>
    </ClInclude>
    <ClInclude Include="mmgr\nommgr.h">
      <Filter>Source\3rd Party\mmgr</Filter>
    </ClInclude>
    <ClInclude Include="Collisions.h">
      <Filter>Source\Modules\Other</Filter>
    </ClInclude>
    <ClInclude Include="FadetoBlack.h">
      <Filter>Source\Modules\Other</Filter>
    </ClInclude>
    <ClInclude Include="Module.h">
      <Filter>Source\Main</Filter>
    </ClInclude>
    <ClInclude Include="Animation.h">
      <Filter>Source\Modules\Other</Filter>
    </ClInclude>
    <ClInclude Include="Sprite.h">
      <Filter>Source\Gameobjects\Components</Filter>
    </ClInclude>
    <ClInclude Include="Editor.h">
      <Filter>Source\Modules\Editor</Filter>
    </ClInclude>
    <ClInclude Include="EditorWindows.h">
      <Filter>Source\Modules\Editor</Filter>
    </ClInclude>
    <ClInclude Include="UI_Elements.h">
      <Filter>Source\Modules\Editor</Filter>
    </ClInclude>
    <ClInclude Include="JuicyMath.h">
      <Filter>Source\Tools</Filter>
    </ClInclude>
    <ClInclude Include="FontManager.h">
      <Filter>Source\Independent Managers</Filter>
    </ClInclude>
    <ClInclude Include="SDL2_ttf-2.0.15\include\SDL_ttf.h">
      <Filter>Source\3rd Party\SDL_ttf</Filter>
    </ClInclude>
    <ClInclude Include="FileManager.h">
      <Filter>Source\Independent Managers</Filter>
    </ClInclude>
    <ClInclude Include="SDL_mixer\include\SDL_mixer.h">
      <Filter>Source\3rd Party\SDL_Mixer</Filter>
    </ClInclude>
  </ItemGroup>
  <ItemGroup>
    <Filter Include="Source">
      <UniqueIdentifier>{cb944693-b9d0-484c-bad2-02d5a7cdbec6}</UniqueIdentifier>
    </Filter>
    <Filter Include="Source\Tools">
      <UniqueIdentifier>{42c748be-4a37-49de-970f-5be811d06b38}</UniqueIdentifier>
    </Filter>
    <Filter Include="Source\Modules">
      <UniqueIdentifier>{244722d1-90ce-423d-8e7a-556211865a32}</UniqueIdentifier>
    </Filter>
    <Filter Include="Source\Data Files">
      <UniqueIdentifier>{a11ad158-a8e9-4fd8-ac0d-299b81fed1e7}</UniqueIdentifier>
    </Filter>
    <Filter Include="Source\3rd Party">
      <UniqueIdentifier>{ccbdbbe8-2dad-4bdb-b407-16b23f046e21}</UniqueIdentifier>
    </Filter>
    <Filter Include="Source\3rd Party\PuguiXML">
      <UniqueIdentifier>{7cb78d67-17cc-45eb-af97-e2106becce7b}</UniqueIdentifier>
    </Filter>
    <Filter Include="Source\3rd Party\mmgr">
      <UniqueIdentifier>{bde4e9d6-afcb-4cb0-8b3d-042e1d8c6f2d}</UniqueIdentifier>
    </Filter>
    <Filter Include="Source\3rd Party\Optick">
      <UniqueIdentifier>{0951b2ed-c0d8-4291-93ac-a38ff8a0bde2}</UniqueIdentifier>
    </Filter>
    <Filter Include="Source\Main">
      <UniqueIdentifier>{e1dfccd8-e8df-46de-9a8e-236bee9076ce}</UniqueIdentifier>
    </Filter>
    <Filter Include="Source\Independent Managers">
      <UniqueIdentifier>{705579a4-c897-4b70-8b5a-30a98cb90158}</UniqueIdentifier>
    </Filter>
    <Filter Include="Source\Independent Managers\Events">
      <UniqueIdentifier>{437881c8-60cd-4e3d-98b2-21bb1ba5336e}</UniqueIdentifier>
    </Filter>
    <Filter Include="Source\Gameobjects">
      <UniqueIdentifier>{79219d60-c63a-46ef-8cda-9ae6221ae060}</UniqueIdentifier>
    </Filter>
    <Filter Include="Source\Gameobjects\Components">
      <UniqueIdentifier>{8e55dc4e-2e56-4a09-a9a8-879521849401}</UniqueIdentifier>
    </Filter>
    <Filter Include="Source\Modules\Map">
      <UniqueIdentifier>{09bfed4b-6c59-4dbf-b077-8a850cc733c0}</UniqueIdentifier>
    </Filter>
    <Filter Include="Source\Modules\Other">
      <UniqueIdentifier>{323347ab-fdf8-4ead-8ba9-ab634e6c3ba5}</UniqueIdentifier>
    </Filter>
    <Filter Include="Source\Modules\Editor">
      <UniqueIdentifier>{d82a7a8a-4c42-42b6-9915-e43fb9545b2c}</UniqueIdentifier>
    </Filter>
    <Filter Include="Source\3rd Party\SDL_ttf">
      <UniqueIdentifier>{e53cba69-e257-43a2-a3dd-432fe4d40dd7}</UniqueIdentifier>
    </Filter>
    <Filter Include="Source\3rd Party\SDL_Mixer">
      <UniqueIdentifier>{d1d9a028-468e-44a3-94fd-e9ab3569bc9a}</UniqueIdentifier>
    </Filter>
  </ItemGroup>
  <ItemGroup>
    <Xml Include="..\Game\config.xml">
      <Filter>Source\Data Files</Filter>
    </Xml>
    <Xml Include="..\Game\save_game.xml">
      <Filter>Source\Data Files</Filter>
    </Xml>
  </ItemGroup>
  <ItemGroup>
    <None Include="..\Game\maps\level1.tmx">
      <Filter>Source\Data Files</Filter>
    </None>
    <None Include="..\Game\maps\iso.tmx">
      <Filter>Source\Data Files</Filter>
    </None>
  </ItemGroup>
</Project>